
Microsoft Visual Studio Solution File, Format Version 12.00
# Visual Studio Version 16
VisualStudioVersion = 16.0.30114.128
MinimumVisualStudioVersion = 10.0.40219.1
Project("{D954291E-2A0B-460D-934E-DC6B0785DB48}") = "MultiTargetingWithUno.Shared", "MultiTargetingWithUno\MultiTargetingWithUno.Shared\MultiTargetingWithUno.Shared.shproj", "{6279C845-92F8-4333-AB99-3D213163593C}"
EndProject
Project("{FAE04EC0-301F-11D3-BF4B-00C04F79EFBC}") = "MultiTargetingWithUno.Droid", "MultiTargetingWithUno\MultiTargetingWithUno.Droid\MultiTargetingWithUno.Droid.csproj", "{1A32D83C-EAFD-4D84-BEC2-5ADD9F854B20}"
EndProject
Project("{FAE04EC0-301F-11D3-BF4B-00C04F79EFBC}") = "MultiTargetingWithUno.iOS", "MultiTargetingWithUno\MultiTargetingWithUno.iOS\MultiTargetingWithUno.iOS.csproj", "{CE47021E-2A45-4E8A-AF10-136586D8C5D7}"
EndProject
Project("{FAE04EC0-301F-11D3-BF4B-00C04F79EFBC}") = "MultiTargetingWithUno.UWP", "MultiTargetingWithUno\MultiTargetingWithUno.UWP\MultiTargetingWithUno.UWP.csproj", "{F42F2AA3-0D6D-47C9-9CC2-E5283AD016A7}"
EndProject
Project("{9A19103F-16F7-4668-BE54-9A1E7A4F7556}") = "MultiTargetingWithUno.Wasm", "MultiTargetingWithUno\MultiTargetingWithUno.Wasm\MultiTargetingWithUno.Wasm.csproj", "{0C8AAA0E-B23A-45F3-88BD-AE2DD2F5A671}"
EndProject
Project("{FAE04EC0-301F-11D3-BF4B-00C04F79EFBC}") = "MultiTargetingWithUno.macOS", "MultiTargetingWithUno\MultiTargetingWithUno.macOS\MultiTargetingWithUno.macOS.csproj", "{E675B788-7F5A-4126-992A-798C9AABCA53}"
EndProject
Project("{9A19103F-16F7-4668-BE54-9A1E7A4F7556}") = "MultiTargetingWithUno.Core", "MultiTargetingWithUno.Core\MultiTargetingWithUno.Core.csproj", "{5001B11E-EB48-456A-8D25-36D32B3A63A9}"
EndProject
Project("{9A19103F-16F7-4668-BE54-9A1E7A4F7556}") = "MultiTargetingWithUno.UI", "MultiTargetingWithUno.UI\MultiTargetingWithUno.UI.csproj", "{456BE35D-DFDE-4633-90B1-691A78ADF912}"
EndProject
Project("{2150E333-8FDC-42A3-9474-1A3956D46DE8}") = "PlatformHeads", "PlatformHeads", "{7614BBF2-CCC8-4E26-9C9D-0B604609D526}"
EndProject
Global
	GlobalSection(SharedMSBuildProjectFiles) = preSolution
		MultiTargetingWithUno\MultiTargetingWithUno.Shared\MultiTargetingWithUno.Shared.projitems*{0c8aaa0e-b23a-45f3-88bd-ae2dd2f5a671}*SharedItemsImports = 5
		MultiTargetingWithUno\MultiTargetingWithUno.Shared\MultiTargetingWithUno.Shared.projitems*{1a32d83c-eafd-4d84-bec2-5add9f854b20}*SharedItemsImports = 4
		MultiTargetingWithUno\MultiTargetingWithUno.Shared\MultiTargetingWithUno.Shared.projitems*{6279c845-92f8-4333-ab99-3d213163593c}*SharedItemsImports = 13
		MultiTargetingWithUno\MultiTargetingWithUno.Shared\MultiTargetingWithUno.Shared.projitems*{ce47021e-2a45-4e8a-af10-136586d8c5d7}*SharedItemsImports = 4
		MultiTargetingWithUno\MultiTargetingWithUno.Shared\MultiTargetingWithUno.Shared.projitems*{e675b788-7f5a-4126-992a-798c9aabca53}*SharedItemsImports = 4
		MultiTargetingWithUno\MultiTargetingWithUno.Shared\MultiTargetingWithUno.Shared.projitems*{f42f2aa3-0d6d-47c9-9cc2-e5283ad016a7}*SharedItemsImports = 4
	EndGlobalSection
	GlobalSection(SolutionConfigurationPlatforms) = preSolution
		Ad-Hoc|Any CPU = Ad-Hoc|Any CPU
		Ad-Hoc|ARM = Ad-Hoc|ARM
		Ad-Hoc|ARM64 = Ad-Hoc|ARM64
		Ad-Hoc|iPhone = Ad-Hoc|iPhone
		Ad-Hoc|iPhoneSimulator = Ad-Hoc|iPhoneSimulator
		Ad-Hoc|x64 = Ad-Hoc|x64
		Ad-Hoc|x86 = Ad-Hoc|x86
		AppStore|Any CPU = AppStore|Any CPU
		AppStore|ARM = AppStore|ARM
		AppStore|ARM64 = AppStore|ARM64
		AppStore|iPhone = AppStore|iPhone
		AppStore|iPhoneSimulator = AppStore|iPhoneSimulator
		AppStore|x64 = AppStore|x64
		AppStore|x86 = AppStore|x86
		Debug|Any CPU = Debug|Any CPU
		Debug|ARM = Debug|ARM
		Debug|ARM64 = Debug|ARM64
		Debug|iPhone = Debug|iPhone
		Debug|iPhoneSimulator = Debug|iPhoneSimulator
		Debug|x64 = Debug|x64
		Debug|x86 = Debug|x86
		Release|Any CPU = Release|Any CPU
		Release|ARM = Release|ARM
		Release|ARM64 = Release|ARM64
		Release|iPhone = Release|iPhone
		Release|iPhoneSimulator = Release|iPhoneSimulator
		Release|x64 = Release|x64
		Release|x86 = Release|x86
	EndGlobalSection
	GlobalSection(ProjectConfigurationPlatforms) = postSolution
		{1A32D83C-EAFD-4D84-BEC2-5ADD9F854B20}.Ad-Hoc|Any CPU.ActiveCfg = Release|Any CPU
		{1A32D83C-EAFD-4D84-BEC2-5ADD9F854B20}.Ad-Hoc|Any CPU.Build.0 = Release|Any CPU
		{1A32D83C-EAFD-4D84-BEC2-5ADD9F854B20}.Ad-Hoc|Any CPU.Deploy.0 = Release|Any CPU
		{1A32D83C-EAFD-4D84-BEC2-5ADD9F854B20}.Ad-Hoc|ARM.ActiveCfg = Release|Any CPU
		{1A32D83C-EAFD-4D84-BEC2-5ADD9F854B20}.Ad-Hoc|ARM.Build.0 = Release|Any CPU
		{1A32D83C-EAFD-4D84-BEC2-5ADD9F854B20}.Ad-Hoc|ARM.Deploy.0 = Release|Any CPU
		{1A32D83C-EAFD-4D84-BEC2-5ADD9F854B20}.Ad-Hoc|ARM64.ActiveCfg = Release|Any CPU
		{1A32D83C-EAFD-4D84-BEC2-5ADD9F854B20}.Ad-Hoc|ARM64.Build.0 = Release|Any CPU
		{1A32D83C-EAFD-4D84-BEC2-5ADD9F854B20}.Ad-Hoc|ARM64.Deploy.0 = Release|Any CPU
		{1A32D83C-EAFD-4D84-BEC2-5ADD9F854B20}.Ad-Hoc|iPhone.ActiveCfg = Release|Any CPU
		{1A32D83C-EAFD-4D84-BEC2-5ADD9F854B20}.Ad-Hoc|iPhone.Build.0 = Release|Any CPU
		{1A32D83C-EAFD-4D84-BEC2-5ADD9F854B20}.Ad-Hoc|iPhone.Deploy.0 = Release|Any CPU
		{1A32D83C-EAFD-4D84-BEC2-5ADD9F854B20}.Ad-Hoc|iPhoneSimulator.ActiveCfg = Release|Any CPU
		{1A32D83C-EAFD-4D84-BEC2-5ADD9F854B20}.Ad-Hoc|iPhoneSimulator.Build.0 = Release|Any CPU
		{1A32D83C-EAFD-4D84-BEC2-5ADD9F854B20}.Ad-Hoc|iPhoneSimulator.Deploy.0 = Release|Any CPU
		{1A32D83C-EAFD-4D84-BEC2-5ADD9F854B20}.Ad-Hoc|x64.ActiveCfg = Release|Any CPU
		{1A32D83C-EAFD-4D84-BEC2-5ADD9F854B20}.Ad-Hoc|x64.Build.0 = Release|Any CPU
		{1A32D83C-EAFD-4D84-BEC2-5ADD9F854B20}.Ad-Hoc|x64.Deploy.0 = Release|Any CPU
		{1A32D83C-EAFD-4D84-BEC2-5ADD9F854B20}.Ad-Hoc|x86.ActiveCfg = Release|Any CPU
		{1A32D83C-EAFD-4D84-BEC2-5ADD9F854B20}.Ad-Hoc|x86.Build.0 = Release|Any CPU
		{1A32D83C-EAFD-4D84-BEC2-5ADD9F854B20}.Ad-Hoc|x86.Deploy.0 = Release|Any CPU
		{1A32D83C-EAFD-4D84-BEC2-5ADD9F854B20}.AppStore|Any CPU.ActiveCfg = Release|Any CPU
		{1A32D83C-EAFD-4D84-BEC2-5ADD9F854B20}.AppStore|Any CPU.Build.0 = Release|Any CPU
		{1A32D83C-EAFD-4D84-BEC2-5ADD9F854B20}.AppStore|Any CPU.Deploy.0 = Release|Any CPU
		{1A32D83C-EAFD-4D84-BEC2-5ADD9F854B20}.AppStore|ARM.ActiveCfg = Release|Any CPU
		{1A32D83C-EAFD-4D84-BEC2-5ADD9F854B20}.AppStore|ARM.Build.0 = Release|Any CPU
		{1A32D83C-EAFD-4D84-BEC2-5ADD9F854B20}.AppStore|ARM.Deploy.0 = Release|Any CPU
		{1A32D83C-EAFD-4D84-BEC2-5ADD9F854B20}.AppStore|ARM64.ActiveCfg = Release|Any CPU
		{1A32D83C-EAFD-4D84-BEC2-5ADD9F854B20}.AppStore|ARM64.Build.0 = Release|Any CPU
		{1A32D83C-EAFD-4D84-BEC2-5ADD9F854B20}.AppStore|ARM64.Deploy.0 = Release|Any CPU
		{1A32D83C-EAFD-4D84-BEC2-5ADD9F854B20}.AppStore|iPhone.ActiveCfg = Release|Any CPU
		{1A32D83C-EAFD-4D84-BEC2-5ADD9F854B20}.AppStore|iPhone.Build.0 = Release|Any CPU
		{1A32D83C-EAFD-4D84-BEC2-5ADD9F854B20}.AppStore|iPhone.Deploy.0 = Release|Any CPU
		{1A32D83C-EAFD-4D84-BEC2-5ADD9F854B20}.AppStore|iPhoneSimulator.ActiveCfg = Release|Any CPU
		{1A32D83C-EAFD-4D84-BEC2-5ADD9F854B20}.AppStore|iPhoneSimulator.Build.0 = Release|Any CPU
		{1A32D83C-EAFD-4D84-BEC2-5ADD9F854B20}.AppStore|iPhoneSimulator.Deploy.0 = Release|Any CPU
		{1A32D83C-EAFD-4D84-BEC2-5ADD9F854B20}.AppStore|x64.ActiveCfg = Release|Any CPU
		{1A32D83C-EAFD-4D84-BEC2-5ADD9F854B20}.AppStore|x64.Build.0 = Release|Any CPU
		{1A32D83C-EAFD-4D84-BEC2-5ADD9F854B20}.AppStore|x64.Deploy.0 = Release|Any CPU
		{1A32D83C-EAFD-4D84-BEC2-5ADD9F854B20}.AppStore|x86.ActiveCfg = Release|Any CPU
		{1A32D83C-EAFD-4D84-BEC2-5ADD9F854B20}.AppStore|x86.Build.0 = Release|Any CPU
		{1A32D83C-EAFD-4D84-BEC2-5ADD9F854B20}.AppStore|x86.Deploy.0 = Release|Any CPU
		{1A32D83C-EAFD-4D84-BEC2-5ADD9F854B20}.Debug|Any CPU.ActiveCfg = Debug|Any CPU
		{1A32D83C-EAFD-4D84-BEC2-5ADD9F854B20}.Debug|Any CPU.Build.0 = Debug|Any CPU
		{1A32D83C-EAFD-4D84-BEC2-5ADD9F854B20}.Debug|Any CPU.Deploy.0 = Debug|Any CPU
		{1A32D83C-EAFD-4D84-BEC2-5ADD9F854B20}.Debug|ARM.ActiveCfg = Debug|Any CPU
		{1A32D83C-EAFD-4D84-BEC2-5ADD9F854B20}.Debug|ARM.Build.0 = Debug|Any CPU
		{1A32D83C-EAFD-4D84-BEC2-5ADD9F854B20}.Debug|ARM.Deploy.0 = Debug|Any CPU
		{1A32D83C-EAFD-4D84-BEC2-5ADD9F854B20}.Debug|ARM64.ActiveCfg = Debug|Any CPU
		{1A32D83C-EAFD-4D84-BEC2-5ADD9F854B20}.Debug|ARM64.Build.0 = Debug|Any CPU
		{1A32D83C-EAFD-4D84-BEC2-5ADD9F854B20}.Debug|ARM64.Deploy.0 = Debug|Any CPU
		{1A32D83C-EAFD-4D84-BEC2-5ADD9F854B20}.Debug|iPhone.ActiveCfg = Debug|Any CPU
		{1A32D83C-EAFD-4D84-BEC2-5ADD9F854B20}.Debug|iPhone.Build.0 = Debug|Any CPU
		{1A32D83C-EAFD-4D84-BEC2-5ADD9F854B20}.Debug|iPhone.Deploy.0 = Debug|Any CPU
		{1A32D83C-EAFD-4D84-BEC2-5ADD9F854B20}.Debug|iPhoneSimulator.ActiveCfg = Debug|Any CPU
		{1A32D83C-EAFD-4D84-BEC2-5ADD9F854B20}.Debug|iPhoneSimulator.Build.0 = Debug|Any CPU
		{1A32D83C-EAFD-4D84-BEC2-5ADD9F854B20}.Debug|iPhoneSimulator.Deploy.0 = Debug|Any CPU
		{1A32D83C-EAFD-4D84-BEC2-5ADD9F854B20}.Debug|x64.ActiveCfg = Debug|Any CPU
		{1A32D83C-EAFD-4D84-BEC2-5ADD9F854B20}.Debug|x64.Build.0 = Debug|Any CPU
		{1A32D83C-EAFD-4D84-BEC2-5ADD9F854B20}.Debug|x64.Deploy.0 = Debug|Any CPU
		{1A32D83C-EAFD-4D84-BEC2-5ADD9F854B20}.Debug|x86.ActiveCfg = Debug|Any CPU
		{1A32D83C-EAFD-4D84-BEC2-5ADD9F854B20}.Debug|x86.Build.0 = Debug|Any CPU
		{1A32D83C-EAFD-4D84-BEC2-5ADD9F854B20}.Debug|x86.Deploy.0 = Debug|Any CPU
		{1A32D83C-EAFD-4D84-BEC2-5ADD9F854B20}.Release|Any CPU.ActiveCfg = Release|Any CPU
		{1A32D83C-EAFD-4D84-BEC2-5ADD9F854B20}.Release|Any CPU.Build.0 = Release|Any CPU
		{1A32D83C-EAFD-4D84-BEC2-5ADD9F854B20}.Release|Any CPU.Deploy.0 = Release|Any CPU
		{1A32D83C-EAFD-4D84-BEC2-5ADD9F854B20}.Release|ARM.ActiveCfg = Release|Any CPU
		{1A32D83C-EAFD-4D84-BEC2-5ADD9F854B20}.Release|ARM.Build.0 = Release|Any CPU
		{1A32D83C-EAFD-4D84-BEC2-5ADD9F854B20}.Release|ARM.Deploy.0 = Release|Any CPU
		{1A32D83C-EAFD-4D84-BEC2-5ADD9F854B20}.Release|ARM64.ActiveCfg = Release|Any CPU
		{1A32D83C-EAFD-4D84-BEC2-5ADD9F854B20}.Release|ARM64.Build.0 = Release|Any CPU
		{1A32D83C-EAFD-4D84-BEC2-5ADD9F854B20}.Release|ARM64.Deploy.0 = Release|Any CPU
		{1A32D83C-EAFD-4D84-BEC2-5ADD9F854B20}.Release|iPhone.ActiveCfg = Release|Any CPU
		{1A32D83C-EAFD-4D84-BEC2-5ADD9F854B20}.Release|iPhone.Build.0 = Release|Any CPU
		{1A32D83C-EAFD-4D84-BEC2-5ADD9F854B20}.Release|iPhone.Deploy.0 = Release|Any CPU
		{1A32D83C-EAFD-4D84-BEC2-5ADD9F854B20}.Release|iPhoneSimulator.ActiveCfg = Release|Any CPU
		{1A32D83C-EAFD-4D84-BEC2-5ADD9F854B20}.Release|iPhoneSimulator.Build.0 = Release|Any CPU
		{1A32D83C-EAFD-4D84-BEC2-5ADD9F854B20}.Release|iPhoneSimulator.Deploy.0 = Release|Any CPU
		{1A32D83C-EAFD-4D84-BEC2-5ADD9F854B20}.Release|x64.ActiveCfg = Release|Any CPU
		{1A32D83C-EAFD-4D84-BEC2-5ADD9F854B20}.Release|x64.Build.0 = Release|Any CPU
		{1A32D83C-EAFD-4D84-BEC2-5ADD9F854B20}.Release|x64.Deploy.0 = Release|Any CPU
		{1A32D83C-EAFD-4D84-BEC2-5ADD9F854B20}.Release|x86.ActiveCfg = Release|Any CPU
		{1A32D83C-EAFD-4D84-BEC2-5ADD9F854B20}.Release|x86.Build.0 = Release|Any CPU
		{1A32D83C-EAFD-4D84-BEC2-5ADD9F854B20}.Release|x86.Deploy.0 = Release|Any CPU
		{CE47021E-2A45-4E8A-AF10-136586D8C5D7}.Ad-Hoc|Any CPU.ActiveCfg = Ad-Hoc|iPhone
		{CE47021E-2A45-4E8A-AF10-136586D8C5D7}.Ad-Hoc|ARM.ActiveCfg = Ad-Hoc|iPhone
		{CE47021E-2A45-4E8A-AF10-136586D8C5D7}.Ad-Hoc|ARM64.ActiveCfg = Ad-Hoc|iPhone
		{CE47021E-2A45-4E8A-AF10-136586D8C5D7}.Ad-Hoc|iPhone.ActiveCfg = Ad-Hoc|iPhone
		{CE47021E-2A45-4E8A-AF10-136586D8C5D7}.Ad-Hoc|iPhone.Build.0 = Ad-Hoc|iPhone
		{CE47021E-2A45-4E8A-AF10-136586D8C5D7}.Ad-Hoc|iPhoneSimulator.ActiveCfg = Ad-Hoc|iPhoneSimulator
		{CE47021E-2A45-4E8A-AF10-136586D8C5D7}.Ad-Hoc|iPhoneSimulator.Build.0 = Ad-Hoc|iPhoneSimulator
		{CE47021E-2A45-4E8A-AF10-136586D8C5D7}.Ad-Hoc|x64.ActiveCfg = Ad-Hoc|iPhone
		{CE47021E-2A45-4E8A-AF10-136586D8C5D7}.Ad-Hoc|x86.ActiveCfg = Ad-Hoc|iPhone
		{CE47021E-2A45-4E8A-AF10-136586D8C5D7}.AppStore|Any CPU.ActiveCfg = AppStore|iPhone
		{CE47021E-2A45-4E8A-AF10-136586D8C5D7}.AppStore|ARM.ActiveCfg = AppStore|iPhone
		{CE47021E-2A45-4E8A-AF10-136586D8C5D7}.AppStore|ARM64.ActiveCfg = AppStore|iPhone
		{CE47021E-2A45-4E8A-AF10-136586D8C5D7}.AppStore|iPhone.ActiveCfg = AppStore|iPhone
		{CE47021E-2A45-4E8A-AF10-136586D8C5D7}.AppStore|iPhone.Build.0 = AppStore|iPhone
		{CE47021E-2A45-4E8A-AF10-136586D8C5D7}.AppStore|iPhoneSimulator.ActiveCfg = AppStore|iPhoneSimulator
		{CE47021E-2A45-4E8A-AF10-136586D8C5D7}.AppStore|iPhoneSimulator.Build.0 = AppStore|iPhoneSimulator
		{CE47021E-2A45-4E8A-AF10-136586D8C5D7}.AppStore|x64.ActiveCfg = AppStore|iPhone
		{CE47021E-2A45-4E8A-AF10-136586D8C5D7}.AppStore|x86.ActiveCfg = AppStore|iPhone
		{CE47021E-2A45-4E8A-AF10-136586D8C5D7}.Debug|Any CPU.ActiveCfg = Debug|iPhone
		{CE47021E-2A45-4E8A-AF10-136586D8C5D7}.Debug|ARM.ActiveCfg = Debug|iPhone
		{CE47021E-2A45-4E8A-AF10-136586D8C5D7}.Debug|ARM64.ActiveCfg = Debug|iPhone
		{CE47021E-2A45-4E8A-AF10-136586D8C5D7}.Debug|iPhone.ActiveCfg = Debug|iPhone
		{CE47021E-2A45-4E8A-AF10-136586D8C5D7}.Debug|iPhone.Build.0 = Debug|iPhone
		{CE47021E-2A45-4E8A-AF10-136586D8C5D7}.Debug|iPhone.Deploy.0 = Debug|iPhone
		{CE47021E-2A45-4E8A-AF10-136586D8C5D7}.Debug|iPhoneSimulator.ActiveCfg = Debug|iPhoneSimulator
		{CE47021E-2A45-4E8A-AF10-136586D8C5D7}.Debug|iPhoneSimulator.Build.0 = Debug|iPhoneSimulator
		{CE47021E-2A45-4E8A-AF10-136586D8C5D7}.Debug|x64.ActiveCfg = Debug|iPhone
		{CE47021E-2A45-4E8A-AF10-136586D8C5D7}.Debug|x86.ActiveCfg = Debug|iPhone
		{CE47021E-2A45-4E8A-AF10-136586D8C5D7}.Release|Any CPU.ActiveCfg = Release|iPhone
		{CE47021E-2A45-4E8A-AF10-136586D8C5D7}.Release|ARM.ActiveCfg = Release|iPhone
		{CE47021E-2A45-4E8A-AF10-136586D8C5D7}.Release|ARM64.ActiveCfg = Release|iPhone
		{CE47021E-2A45-4E8A-AF10-136586D8C5D7}.Release|iPhone.ActiveCfg = Release|iPhone
		{CE47021E-2A45-4E8A-AF10-136586D8C5D7}.Release|iPhone.Build.0 = Release|iPhone
		{CE47021E-2A45-4E8A-AF10-136586D8C5D7}.Release|iPhoneSimulator.ActiveCfg = Release|iPhoneSimulator
		{CE47021E-2A45-4E8A-AF10-136586D8C5D7}.Release|iPhoneSimulator.Build.0 = Release|iPhoneSimulator
		{CE47021E-2A45-4E8A-AF10-136586D8C5D7}.Release|x64.ActiveCfg = Release|iPhone
		{CE47021E-2A45-4E8A-AF10-136586D8C5D7}.Release|x86.ActiveCfg = Release|iPhone
		{F42F2AA3-0D6D-47C9-9CC2-E5283AD016A7}.Ad-Hoc|Any CPU.ActiveCfg = Release|x64
		{F42F2AA3-0D6D-47C9-9CC2-E5283AD016A7}.Ad-Hoc|Any CPU.Build.0 = Release|x64
		{F42F2AA3-0D6D-47C9-9CC2-E5283AD016A7}.Ad-Hoc|Any CPU.Deploy.0 = Release|x64
		{F42F2AA3-0D6D-47C9-9CC2-E5283AD016A7}.Ad-Hoc|ARM.ActiveCfg = Release|ARM
		{F42F2AA3-0D6D-47C9-9CC2-E5283AD016A7}.Ad-Hoc|ARM.Build.0 = Release|ARM
		{F42F2AA3-0D6D-47C9-9CC2-E5283AD016A7}.Ad-Hoc|ARM.Deploy.0 = Release|ARM
		{F42F2AA3-0D6D-47C9-9CC2-E5283AD016A7}.Ad-Hoc|ARM64.ActiveCfg = Release|ARM64
		{F42F2AA3-0D6D-47C9-9CC2-E5283AD016A7}.Ad-Hoc|ARM64.Build.0 = Release|ARM64
		{F42F2AA3-0D6D-47C9-9CC2-E5283AD016A7}.Ad-Hoc|ARM64.Deploy.0 = Release|ARM64
		{F42F2AA3-0D6D-47C9-9CC2-E5283AD016A7}.Ad-Hoc|iPhone.ActiveCfg = Release|x64
		{F42F2AA3-0D6D-47C9-9CC2-E5283AD016A7}.Ad-Hoc|iPhone.Build.0 = Release|x64
		{F42F2AA3-0D6D-47C9-9CC2-E5283AD016A7}.Ad-Hoc|iPhone.Deploy.0 = Release|x64
		{F42F2AA3-0D6D-47C9-9CC2-E5283AD016A7}.Ad-Hoc|iPhoneSimulator.ActiveCfg = Release|x64
		{F42F2AA3-0D6D-47C9-9CC2-E5283AD016A7}.Ad-Hoc|iPhoneSimulator.Build.0 = Release|x64
		{F42F2AA3-0D6D-47C9-9CC2-E5283AD016A7}.Ad-Hoc|iPhoneSimulator.Deploy.0 = Release|x64
		{F42F2AA3-0D6D-47C9-9CC2-E5283AD016A7}.Ad-Hoc|x64.ActiveCfg = Release|x64
		{F42F2AA3-0D6D-47C9-9CC2-E5283AD016A7}.Ad-Hoc|x64.Build.0 = Release|x64
		{F42F2AA3-0D6D-47C9-9CC2-E5283AD016A7}.Ad-Hoc|x64.Deploy.0 = Release|x64
		{F42F2AA3-0D6D-47C9-9CC2-E5283AD016A7}.Ad-Hoc|x86.ActiveCfg = Release|x86
		{F42F2AA3-0D6D-47C9-9CC2-E5283AD016A7}.Ad-Hoc|x86.Build.0 = Release|x86
		{F42F2AA3-0D6D-47C9-9CC2-E5283AD016A7}.Ad-Hoc|x86.Deploy.0 = Release|x86
		{F42F2AA3-0D6D-47C9-9CC2-E5283AD016A7}.AppStore|Any CPU.ActiveCfg = Release|x64
		{F42F2AA3-0D6D-47C9-9CC2-E5283AD016A7}.AppStore|Any CPU.Build.0 = Release|x64
		{F42F2AA3-0D6D-47C9-9CC2-E5283AD016A7}.AppStore|Any CPU.Deploy.0 = Release|x64
		{F42F2AA3-0D6D-47C9-9CC2-E5283AD016A7}.AppStore|ARM.ActiveCfg = Release|ARM
		{F42F2AA3-0D6D-47C9-9CC2-E5283AD016A7}.AppStore|ARM.Build.0 = Release|ARM
		{F42F2AA3-0D6D-47C9-9CC2-E5283AD016A7}.AppStore|ARM.Deploy.0 = Release|ARM
		{F42F2AA3-0D6D-47C9-9CC2-E5283AD016A7}.AppStore|ARM64.ActiveCfg = Release|ARM64
		{F42F2AA3-0D6D-47C9-9CC2-E5283AD016A7}.AppStore|ARM64.Build.0 = Release|ARM64
		{F42F2AA3-0D6D-47C9-9CC2-E5283AD016A7}.AppStore|ARM64.Deploy.0 = Release|ARM64
		{F42F2AA3-0D6D-47C9-9CC2-E5283AD016A7}.AppStore|iPhone.ActiveCfg = Release|x64
		{F42F2AA3-0D6D-47C9-9CC2-E5283AD016A7}.AppStore|iPhone.Build.0 = Release|x64
		{F42F2AA3-0D6D-47C9-9CC2-E5283AD016A7}.AppStore|iPhone.Deploy.0 = Release|x64
		{F42F2AA3-0D6D-47C9-9CC2-E5283AD016A7}.AppStore|iPhoneSimulator.ActiveCfg = Release|x64
		{F42F2AA3-0D6D-47C9-9CC2-E5283AD016A7}.AppStore|iPhoneSimulator.Build.0 = Release|x64
		{F42F2AA3-0D6D-47C9-9CC2-E5283AD016A7}.AppStore|iPhoneSimulator.Deploy.0 = Release|x64
		{F42F2AA3-0D6D-47C9-9CC2-E5283AD016A7}.AppStore|x64.ActiveCfg = Release|x64
		{F42F2AA3-0D6D-47C9-9CC2-E5283AD016A7}.AppStore|x64.Build.0 = Release|x64
		{F42F2AA3-0D6D-47C9-9CC2-E5283AD016A7}.AppStore|x64.Deploy.0 = Release|x64
		{F42F2AA3-0D6D-47C9-9CC2-E5283AD016A7}.AppStore|x86.ActiveCfg = Release|x86
		{F42F2AA3-0D6D-47C9-9CC2-E5283AD016A7}.AppStore|x86.Build.0 = Release|x86
		{F42F2AA3-0D6D-47C9-9CC2-E5283AD016A7}.AppStore|x86.Deploy.0 = Release|x86
		{F42F2AA3-0D6D-47C9-9CC2-E5283AD016A7}.Debug|Any CPU.ActiveCfg = Debug|x86
		{F42F2AA3-0D6D-47C9-9CC2-E5283AD016A7}.Debug|ARM.ActiveCfg = Debug|ARM
		{F42F2AA3-0D6D-47C9-9CC2-E5283AD016A7}.Debug|ARM.Build.0 = Debug|ARM
		{F42F2AA3-0D6D-47C9-9CC2-E5283AD016A7}.Debug|ARM.Deploy.0 = Debug|ARM
		{F42F2AA3-0D6D-47C9-9CC2-E5283AD016A7}.Debug|ARM64.ActiveCfg = Debug|ARM64
		{F42F2AA3-0D6D-47C9-9CC2-E5283AD016A7}.Debug|ARM64.Build.0 = Debug|ARM64
		{F42F2AA3-0D6D-47C9-9CC2-E5283AD016A7}.Debug|ARM64.Deploy.0 = Debug|ARM64
		{F42F2AA3-0D6D-47C9-9CC2-E5283AD016A7}.Debug|iPhone.ActiveCfg = Debug|x86
		{F42F2AA3-0D6D-47C9-9CC2-E5283AD016A7}.Debug|iPhoneSimulator.ActiveCfg = Debug|x86
		{F42F2AA3-0D6D-47C9-9CC2-E5283AD016A7}.Debug|x64.ActiveCfg = Debug|x64
		{F42F2AA3-0D6D-47C9-9CC2-E5283AD016A7}.Debug|x64.Build.0 = Debug|x64
		{F42F2AA3-0D6D-47C9-9CC2-E5283AD016A7}.Debug|x64.Deploy.0 = Debug|x64
		{F42F2AA3-0D6D-47C9-9CC2-E5283AD016A7}.Debug|x86.ActiveCfg = Debug|x86
		{F42F2AA3-0D6D-47C9-9CC2-E5283AD016A7}.Debug|x86.Build.0 = Debug|x86
		{F42F2AA3-0D6D-47C9-9CC2-E5283AD016A7}.Debug|x86.Deploy.0 = Debug|x86
		{F42F2AA3-0D6D-47C9-9CC2-E5283AD016A7}.Release|Any CPU.ActiveCfg = Release|x86
		{F42F2AA3-0D6D-47C9-9CC2-E5283AD016A7}.Release|ARM.ActiveCfg = Release|ARM
		{F42F2AA3-0D6D-47C9-9CC2-E5283AD016A7}.Release|ARM.Build.0 = Release|ARM
		{F42F2AA3-0D6D-47C9-9CC2-E5283AD016A7}.Release|ARM.Deploy.0 = Release|ARM
		{F42F2AA3-0D6D-47C9-9CC2-E5283AD016A7}.Release|ARM64.ActiveCfg = Release|ARM64
		{F42F2AA3-0D6D-47C9-9CC2-E5283AD016A7}.Release|ARM64.Build.0 = Release|ARM64
		{F42F2AA3-0D6D-47C9-9CC2-E5283AD016A7}.Release|ARM64.Deploy.0 = Release|ARM64
		{F42F2AA3-0D6D-47C9-9CC2-E5283AD016A7}.Release|iPhone.ActiveCfg = Release|x86
		{F42F2AA3-0D6D-47C9-9CC2-E5283AD016A7}.Release|iPhoneSimulator.ActiveCfg = Release|x86
		{F42F2AA3-0D6D-47C9-9CC2-E5283AD016A7}.Release|x64.ActiveCfg = Release|x64
		{F42F2AA3-0D6D-47C9-9CC2-E5283AD016A7}.Release|x64.Build.0 = Release|x64
		{F42F2AA3-0D6D-47C9-9CC2-E5283AD016A7}.Release|x64.Deploy.0 = Release|x64
		{F42F2AA3-0D6D-47C9-9CC2-E5283AD016A7}.Release|x86.ActiveCfg = Release|x86
		{F42F2AA3-0D6D-47C9-9CC2-E5283AD016A7}.Release|x86.Build.0 = Release|x86
		{F42F2AA3-0D6D-47C9-9CC2-E5283AD016A7}.Release|x86.Deploy.0 = Release|x86
		{0C8AAA0E-B23A-45F3-88BD-AE2DD2F5A671}.Ad-Hoc|Any CPU.ActiveCfg = Debug|Any CPU
		{0C8AAA0E-B23A-45F3-88BD-AE2DD2F5A671}.Ad-Hoc|Any CPU.Build.0 = Debug|Any CPU
		{0C8AAA0E-B23A-45F3-88BD-AE2DD2F5A671}.Ad-Hoc|ARM.ActiveCfg = Debug|Any CPU
		{0C8AAA0E-B23A-45F3-88BD-AE2DD2F5A671}.Ad-Hoc|ARM.Build.0 = Debug|Any CPU
		{0C8AAA0E-B23A-45F3-88BD-AE2DD2F5A671}.Ad-Hoc|ARM64.ActiveCfg = Debug|Any CPU
		{0C8AAA0E-B23A-45F3-88BD-AE2DD2F5A671}.Ad-Hoc|ARM64.Build.0 = Debug|Any CPU
		{0C8AAA0E-B23A-45F3-88BD-AE2DD2F5A671}.Ad-Hoc|iPhone.ActiveCfg = Debug|Any CPU
		{0C8AAA0E-B23A-45F3-88BD-AE2DD2F5A671}.Ad-Hoc|iPhone.Build.0 = Debug|Any CPU
		{0C8AAA0E-B23A-45F3-88BD-AE2DD2F5A671}.Ad-Hoc|iPhoneSimulator.ActiveCfg = Debug|Any CPU
		{0C8AAA0E-B23A-45F3-88BD-AE2DD2F5A671}.Ad-Hoc|iPhoneSimulator.Build.0 = Debug|Any CPU
		{0C8AAA0E-B23A-45F3-88BD-AE2DD2F5A671}.Ad-Hoc|x64.ActiveCfg = Debug|Any CPU
		{0C8AAA0E-B23A-45F3-88BD-AE2DD2F5A671}.Ad-Hoc|x64.Build.0 = Debug|Any CPU
		{0C8AAA0E-B23A-45F3-88BD-AE2DD2F5A671}.Ad-Hoc|x86.ActiveCfg = Debug|Any CPU
		{0C8AAA0E-B23A-45F3-88BD-AE2DD2F5A671}.Ad-Hoc|x86.Build.0 = Debug|Any CPU
		{0C8AAA0E-B23A-45F3-88BD-AE2DD2F5A671}.AppStore|Any CPU.ActiveCfg = Debug|Any CPU
		{0C8AAA0E-B23A-45F3-88BD-AE2DD2F5A671}.AppStore|Any CPU.Build.0 = Debug|Any CPU
		{0C8AAA0E-B23A-45F3-88BD-AE2DD2F5A671}.AppStore|ARM.ActiveCfg = Debug|Any CPU
		{0C8AAA0E-B23A-45F3-88BD-AE2DD2F5A671}.AppStore|ARM.Build.0 = Debug|Any CPU
		{0C8AAA0E-B23A-45F3-88BD-AE2DD2F5A671}.AppStore|ARM64.ActiveCfg = Debug|Any CPU
		{0C8AAA0E-B23A-45F3-88BD-AE2DD2F5A671}.AppStore|ARM64.Build.0 = Debug|Any CPU
		{0C8AAA0E-B23A-45F3-88BD-AE2DD2F5A671}.AppStore|iPhone.ActiveCfg = Debug|Any CPU
		{0C8AAA0E-B23A-45F3-88BD-AE2DD2F5A671}.AppStore|iPhone.Build.0 = Debug|Any CPU
		{0C8AAA0E-B23A-45F3-88BD-AE2DD2F5A671}.AppStore|iPhoneSimulator.ActiveCfg = Debug|Any CPU
		{0C8AAA0E-B23A-45F3-88BD-AE2DD2F5A671}.AppStore|iPhoneSimulator.Build.0 = Debug|Any CPU
		{0C8AAA0E-B23A-45F3-88BD-AE2DD2F5A671}.AppStore|x64.ActiveCfg = Debug|Any CPU
		{0C8AAA0E-B23A-45F3-88BD-AE2DD2F5A671}.AppStore|x64.Build.0 = Debug|Any CPU
		{0C8AAA0E-B23A-45F3-88BD-AE2DD2F5A671}.AppStore|x86.ActiveCfg = Debug|Any CPU
		{0C8AAA0E-B23A-45F3-88BD-AE2DD2F5A671}.AppStore|x86.Build.0 = Debug|Any CPU
		{0C8AAA0E-B23A-45F3-88BD-AE2DD2F5A671}.Debug|Any CPU.ActiveCfg = Debug|Any CPU
		{0C8AAA0E-B23A-45F3-88BD-AE2DD2F5A671}.Debug|Any CPU.Build.0 = Debug|Any CPU
		{0C8AAA0E-B23A-45F3-88BD-AE2DD2F5A671}.Debug|ARM.ActiveCfg = Debug|Any CPU
		{0C8AAA0E-B23A-45F3-88BD-AE2DD2F5A671}.Debug|ARM.Build.0 = Debug|Any CPU
		{0C8AAA0E-B23A-45F3-88BD-AE2DD2F5A671}.Debug|ARM64.ActiveCfg = Debug|Any CPU
		{0C8AAA0E-B23A-45F3-88BD-AE2DD2F5A671}.Debug|ARM64.Build.0 = Debug|Any CPU
		{0C8AAA0E-B23A-45F3-88BD-AE2DD2F5A671}.Debug|iPhone.ActiveCfg = Debug|Any CPU
		{0C8AAA0E-B23A-45F3-88BD-AE2DD2F5A671}.Debug|iPhone.Build.0 = Debug|Any CPU
		{0C8AAA0E-B23A-45F3-88BD-AE2DD2F5A671}.Debug|iPhoneSimulator.ActiveCfg = Debug|Any CPU
		{0C8AAA0E-B23A-45F3-88BD-AE2DD2F5A671}.Debug|iPhoneSimulator.Build.0 = Debug|Any CPU
		{0C8AAA0E-B23A-45F3-88BD-AE2DD2F5A671}.Debug|x64.ActiveCfg = Debug|Any CPU
		{0C8AAA0E-B23A-45F3-88BD-AE2DD2F5A671}.Debug|x64.Build.0 = Debug|Any CPU
		{0C8AAA0E-B23A-45F3-88BD-AE2DD2F5A671}.Debug|x86.ActiveCfg = Debug|Any CPU
		{0C8AAA0E-B23A-45F3-88BD-AE2DD2F5A671}.Debug|x86.Build.0 = Debug|Any CPU
		{0C8AAA0E-B23A-45F3-88BD-AE2DD2F5A671}.Release|Any CPU.ActiveCfg = Release|Any CPU
		{0C8AAA0E-B23A-45F3-88BD-AE2DD2F5A671}.Release|Any CPU.Build.0 = Release|Any CPU
		{0C8AAA0E-B23A-45F3-88BD-AE2DD2F5A671}.Release|ARM.ActiveCfg = Release|Any CPU
		{0C8AAA0E-B23A-45F3-88BD-AE2DD2F5A671}.Release|ARM.Build.0 = Release|Any CPU
		{0C8AAA0E-B23A-45F3-88BD-AE2DD2F5A671}.Release|ARM64.ActiveCfg = Release|Any CPU
		{0C8AAA0E-B23A-45F3-88BD-AE2DD2F5A671}.Release|ARM64.Build.0 = Release|Any CPU
		{0C8AAA0E-B23A-45F3-88BD-AE2DD2F5A671}.Release|iPhone.ActiveCfg = Release|Any CPU
		{0C8AAA0E-B23A-45F3-88BD-AE2DD2F5A671}.Release|iPhone.Build.0 = Release|Any CPU
		{0C8AAA0E-B23A-45F3-88BD-AE2DD2F5A671}.Release|iPhoneSimulator.ActiveCfg = Release|Any CPU
		{0C8AAA0E-B23A-45F3-88BD-AE2DD2F5A671}.Release|iPhoneSimulator.Build.0 = Release|Any CPU
		{0C8AAA0E-B23A-45F3-88BD-AE2DD2F5A671}.Release|x64.ActiveCfg = Release|Any CPU
		{0C8AAA0E-B23A-45F3-88BD-AE2DD2F5A671}.Release|x64.Build.0 = Release|Any CPU
		{0C8AAA0E-B23A-45F3-88BD-AE2DD2F5A671}.Release|x86.ActiveCfg = Release|Any CPU
		{0C8AAA0E-B23A-45F3-88BD-AE2DD2F5A671}.Release|x86.Build.0 = Release|Any CPU
		{E675B788-7F5A-4126-992A-798C9AABCA53}.Ad-Hoc|Any CPU.ActiveCfg = Release|iPhoneSimulator
		{E675B788-7F5A-4126-992A-798C9AABCA53}.Ad-Hoc|Any CPU.Build.0 = Release|iPhoneSimulator
		{E675B788-7F5A-4126-992A-798C9AABCA53}.Ad-Hoc|ARM.ActiveCfg = Release|iPhoneSimulator
		{E675B788-7F5A-4126-992A-798C9AABCA53}.Ad-Hoc|ARM.Build.0 = Release|iPhoneSimulator
		{E675B788-7F5A-4126-992A-798C9AABCA53}.Ad-Hoc|ARM64.ActiveCfg = Release|iPhoneSimulator
		{E675B788-7F5A-4126-992A-798C9AABCA53}.Ad-Hoc|ARM64.Build.0 = Release|iPhoneSimulator
		{E675B788-7F5A-4126-992A-798C9AABCA53}.Ad-Hoc|iPhone.ActiveCfg = Release|iPhoneSimulator
		{E675B788-7F5A-4126-992A-798C9AABCA53}.Ad-Hoc|iPhone.Build.0 = Release|iPhoneSimulator
		{E675B788-7F5A-4126-992A-798C9AABCA53}.Ad-Hoc|iPhoneSimulator.ActiveCfg = Release|iPhoneSimulator
		{E675B788-7F5A-4126-992A-798C9AABCA53}.Ad-Hoc|iPhoneSimulator.Build.0 = Release|iPhoneSimulator
		{E675B788-7F5A-4126-992A-798C9AABCA53}.Ad-Hoc|x64.ActiveCfg = Release|iPhoneSimulator
		{E675B788-7F5A-4126-992A-798C9AABCA53}.Ad-Hoc|x64.Build.0 = Release|iPhoneSimulator
		{E675B788-7F5A-4126-992A-798C9AABCA53}.Ad-Hoc|x86.ActiveCfg = Release|iPhoneSimulator
		{E675B788-7F5A-4126-992A-798C9AABCA53}.Ad-Hoc|x86.Build.0 = Release|iPhoneSimulator
		{E675B788-7F5A-4126-992A-798C9AABCA53}.AppStore|Any CPU.ActiveCfg = Release|iPhoneSimulator
		{E675B788-7F5A-4126-992A-798C9AABCA53}.AppStore|Any CPU.Build.0 = Release|iPhoneSimulator
		{E675B788-7F5A-4126-992A-798C9AABCA53}.AppStore|ARM.ActiveCfg = Release|iPhoneSimulator
		{E675B788-7F5A-4126-992A-798C9AABCA53}.AppStore|ARM.Build.0 = Release|iPhoneSimulator
		{E675B788-7F5A-4126-992A-798C9AABCA53}.AppStore|ARM64.ActiveCfg = Release|iPhoneSimulator
		{E675B788-7F5A-4126-992A-798C9AABCA53}.AppStore|ARM64.Build.0 = Release|iPhoneSimulator
		{E675B788-7F5A-4126-992A-798C9AABCA53}.AppStore|iPhone.ActiveCfg = Release|iPhoneSimulator
		{E675B788-7F5A-4126-992A-798C9AABCA53}.AppStore|iPhone.Build.0 = Release|iPhoneSimulator
		{E675B788-7F5A-4126-992A-798C9AABCA53}.AppStore|iPhoneSimulator.ActiveCfg = Release|iPhoneSimulator
		{E675B788-7F5A-4126-992A-798C9AABCA53}.AppStore|iPhoneSimulator.Build.0 = Release|iPhoneSimulator
		{E675B788-7F5A-4126-992A-798C9AABCA53}.AppStore|x64.ActiveCfg = Release|iPhoneSimulator
		{E675B788-7F5A-4126-992A-798C9AABCA53}.AppStore|x64.Build.0 = Release|iPhoneSimulator
		{E675B788-7F5A-4126-992A-798C9AABCA53}.AppStore|x86.ActiveCfg = Release|iPhoneSimulator
		{E675B788-7F5A-4126-992A-798C9AABCA53}.AppStore|x86.Build.0 = Release|iPhoneSimulator
		{E675B788-7F5A-4126-992A-798C9AABCA53}.Debug|Any CPU.ActiveCfg = Debug|iPhoneSimulator
		{E675B788-7F5A-4126-992A-798C9AABCA53}.Debug|ARM.ActiveCfg = Debug|iPhoneSimulator
		{E675B788-7F5A-4126-992A-798C9AABCA53}.Debug|ARM64.ActiveCfg = Debug|iPhoneSimulator
		{E675B788-7F5A-4126-992A-798C9AABCA53}.Debug|iPhone.ActiveCfg = Debug|iPhoneSimulator
		{E675B788-7F5A-4126-992A-798C9AABCA53}.Debug|iPhoneSimulator.ActiveCfg = Debug|iPhoneSimulator
		{E675B788-7F5A-4126-992A-798C9AABCA53}.Debug|iPhoneSimulator.Build.0 = Debug|iPhoneSimulator
		{E675B788-7F5A-4126-992A-798C9AABCA53}.Debug|x64.ActiveCfg = Debug|iPhoneSimulator
		{E675B788-7F5A-4126-992A-798C9AABCA53}.Debug|x86.ActiveCfg = Debug|iPhoneSimulator
		{E675B788-7F5A-4126-992A-798C9AABCA53}.Release|Any CPU.ActiveCfg = Release|iPhoneSimulator
		{E675B788-7F5A-4126-992A-798C9AABCA53}.Release|ARM.ActiveCfg = Release|iPhoneSimulator
		{E675B788-7F5A-4126-992A-798C9AABCA53}.Release|ARM64.ActiveCfg = Release|iPhoneSimulator
		{E675B788-7F5A-4126-992A-798C9AABCA53}.Release|iPhone.ActiveCfg = Release|iPhoneSimulator
		{E675B788-7F5A-4126-992A-798C9AABCA53}.Release|iPhoneSimulator.ActiveCfg = Release|iPhoneSimulator
		{E675B788-7F5A-4126-992A-798C9AABCA53}.Release|iPhoneSimulator.Build.0 = Release|iPhoneSimulator
		{E675B788-7F5A-4126-992A-798C9AABCA53}.Release|x64.ActiveCfg = Release|iPhoneSimulator
		{E675B788-7F5A-4126-992A-798C9AABCA53}.Release|x86.ActiveCfg = Release|iPhoneSimulator
		{5001B11E-EB48-456A-8D25-36D32B3A63A9}.Ad-Hoc|Any CPU.ActiveCfg = Debug|Any CPU
		{5001B11E-EB48-456A-8D25-36D32B3A63A9}.Ad-Hoc|Any CPU.Build.0 = Debug|Any CPU
		{5001B11E-EB48-456A-8D25-36D32B3A63A9}.Ad-Hoc|ARM.ActiveCfg = Debug|Any CPU
		{5001B11E-EB48-456A-8D25-36D32B3A63A9}.Ad-Hoc|ARM.Build.0 = Debug|Any CPU
		{5001B11E-EB48-456A-8D25-36D32B3A63A9}.Ad-Hoc|ARM64.ActiveCfg = Debug|Any CPU
		{5001B11E-EB48-456A-8D25-36D32B3A63A9}.Ad-Hoc|ARM64.Build.0 = Debug|Any CPU
		{5001B11E-EB48-456A-8D25-36D32B3A63A9}.Ad-Hoc|iPhone.ActiveCfg = Debug|Any CPU
		{5001B11E-EB48-456A-8D25-36D32B3A63A9}.Ad-Hoc|iPhone.Build.0 = Debug|Any CPU
		{5001B11E-EB48-456A-8D25-36D32B3A63A9}.Ad-Hoc|iPhoneSimulator.ActiveCfg = Debug|Any CPU
		{5001B11E-EB48-456A-8D25-36D32B3A63A9}.Ad-Hoc|iPhoneSimulator.Build.0 = Debug|Any CPU
		{5001B11E-EB48-456A-8D25-36D32B3A63A9}.Ad-Hoc|x64.ActiveCfg = Debug|Any CPU
		{5001B11E-EB48-456A-8D25-36D32B3A63A9}.Ad-Hoc|x64.Build.0 = Debug|Any CPU
		{5001B11E-EB48-456A-8D25-36D32B3A63A9}.Ad-Hoc|x86.ActiveCfg = Debug|Any CPU
		{5001B11E-EB48-456A-8D25-36D32B3A63A9}.Ad-Hoc|x86.Build.0 = Debug|Any CPU
		{5001B11E-EB48-456A-8D25-36D32B3A63A9}.AppStore|Any CPU.ActiveCfg = Debug|Any CPU
		{5001B11E-EB48-456A-8D25-36D32B3A63A9}.AppStore|Any CPU.Build.0 = Debug|Any CPU
		{5001B11E-EB48-456A-8D25-36D32B3A63A9}.AppStore|ARM.ActiveCfg = Debug|Any CPU
		{5001B11E-EB48-456A-8D25-36D32B3A63A9}.AppStore|ARM.Build.0 = Debug|Any CPU
		{5001B11E-EB48-456A-8D25-36D32B3A63A9}.AppStore|ARM64.ActiveCfg = Debug|Any CPU
		{5001B11E-EB48-456A-8D25-36D32B3A63A9}.AppStore|ARM64.Build.0 = Debug|Any CPU
		{5001B11E-EB48-456A-8D25-36D32B3A63A9}.AppStore|iPhone.ActiveCfg = Debug|Any CPU
		{5001B11E-EB48-456A-8D25-36D32B3A63A9}.AppStore|iPhone.Build.0 = Debug|Any CPU
		{5001B11E-EB48-456A-8D25-36D32B3A63A9}.AppStore|iPhoneSimulator.ActiveCfg = Debug|Any CPU
		{5001B11E-EB48-456A-8D25-36D32B3A63A9}.AppStore|iPhoneSimulator.Build.0 = Debug|Any CPU
		{5001B11E-EB48-456A-8D25-36D32B3A63A9}.AppStore|x64.ActiveCfg = Debug|Any CPU
		{5001B11E-EB48-456A-8D25-36D32B3A63A9}.AppStore|x64.Build.0 = Debug|Any CPU
		{5001B11E-EB48-456A-8D25-36D32B3A63A9}.AppStore|x86.ActiveCfg = Debug|Any CPU
		{5001B11E-EB48-456A-8D25-36D32B3A63A9}.AppStore|x86.Build.0 = Debug|Any CPU
		{5001B11E-EB48-456A-8D25-36D32B3A63A9}.Debug|Any CPU.ActiveCfg = Debug|Any CPU
		{5001B11E-EB48-456A-8D25-36D32B3A63A9}.Debug|Any CPU.Build.0 = Debug|Any CPU
		{5001B11E-EB48-456A-8D25-36D32B3A63A9}.Debug|ARM.ActiveCfg = Debug|Any CPU
		{5001B11E-EB48-456A-8D25-36D32B3A63A9}.Debug|ARM.Build.0 = Debug|Any CPU
		{5001B11E-EB48-456A-8D25-36D32B3A63A9}.Debug|ARM64.ActiveCfg = Debug|Any CPU
		{5001B11E-EB48-456A-8D25-36D32B3A63A9}.Debug|ARM64.Build.0 = Debug|Any CPU
		{5001B11E-EB48-456A-8D25-36D32B3A63A9}.Debug|iPhone.ActiveCfg = Debug|Any CPU
		{5001B11E-EB48-456A-8D25-36D32B3A63A9}.Debug|iPhone.Build.0 = Debug|Any CPU
		{5001B11E-EB48-456A-8D25-36D32B3A63A9}.Debug|iPhoneSimulator.ActiveCfg = Debug|Any CPU
		{5001B11E-EB48-456A-8D25-36D32B3A63A9}.Debug|iPhoneSimulator.Build.0 = Debug|Any CPU
		{5001B11E-EB48-456A-8D25-36D32B3A63A9}.Debug|x64.ActiveCfg = Debug|Any CPU
		{5001B11E-EB48-456A-8D25-36D32B3A63A9}.Debug|x64.Build.0 = Debug|Any CPU
		{5001B11E-EB48-456A-8D25-36D32B3A63A9}.Debug|x86.ActiveCfg = Debug|Any CPU
		{5001B11E-EB48-456A-8D25-36D32B3A63A9}.Debug|x86.Build.0 = Debug|Any CPU
		{5001B11E-EB48-456A-8D25-36D32B3A63A9}.Release|Any CPU.ActiveCfg = Release|Any CPU
		{5001B11E-EB48-456A-8D25-36D32B3A63A9}.Release|Any CPU.Build.0 = Release|Any CPU
		{5001B11E-EB48-456A-8D25-36D32B3A63A9}.Release|ARM.ActiveCfg = Release|Any CPU
		{5001B11E-EB48-456A-8D25-36D32B3A63A9}.Release|ARM.Build.0 = Release|Any CPU
		{5001B11E-EB48-456A-8D25-36D32B3A63A9}.Release|ARM64.ActiveCfg = Release|Any CPU
		{5001B11E-EB48-456A-8D25-36D32B3A63A9}.Release|ARM64.Build.0 = Release|Any CPU
		{5001B11E-EB48-456A-8D25-36D32B3A63A9}.Release|iPhone.ActiveCfg = Release|Any CPU
		{5001B11E-EB48-456A-8D25-36D32B3A63A9}.Release|iPhone.Build.0 = Release|Any CPU
		{5001B11E-EB48-456A-8D25-36D32B3A63A9}.Release|iPhoneSimulator.ActiveCfg = Release|Any CPU
		{5001B11E-EB48-456A-8D25-36D32B3A63A9}.Release|iPhoneSimulator.Build.0 = Release|Any CPU
		{5001B11E-EB48-456A-8D25-36D32B3A63A9}.Release|x64.ActiveCfg = Release|Any CPU
		{5001B11E-EB48-456A-8D25-36D32B3A63A9}.Release|x64.Build.0 = Release|Any CPU
		{5001B11E-EB48-456A-8D25-36D32B3A63A9}.Release|x86.ActiveCfg = Release|Any CPU
		{5001B11E-EB48-456A-8D25-36D32B3A63A9}.Release|x86.Build.0 = Release|Any CPU
		{456BE35D-DFDE-4633-90B1-691A78ADF912}.Ad-Hoc|Any CPU.ActiveCfg = Debug|Any CPU
		{456BE35D-DFDE-4633-90B1-691A78ADF912}.Ad-Hoc|Any CPU.Build.0 = Debug|Any CPU
		{456BE35D-DFDE-4633-90B1-691A78ADF912}.Ad-Hoc|ARM.ActiveCfg = Debug|Any CPU
		{456BE35D-DFDE-4633-90B1-691A78ADF912}.Ad-Hoc|ARM.Build.0 = Debug|Any CPU
		{456BE35D-DFDE-4633-90B1-691A78ADF912}.Ad-Hoc|ARM64.ActiveCfg = Debug|Any CPU
		{456BE35D-DFDE-4633-90B1-691A78ADF912}.Ad-Hoc|ARM64.Build.0 = Debug|Any CPU
		{456BE35D-DFDE-4633-90B1-691A78ADF912}.Ad-Hoc|iPhone.ActiveCfg = Debug|Any CPU
		{456BE35D-DFDE-4633-90B1-691A78ADF912}.Ad-Hoc|iPhone.Build.0 = Debug|Any CPU
		{456BE35D-DFDE-4633-90B1-691A78ADF912}.Ad-Hoc|iPhoneSimulator.ActiveCfg = Debug|Any CPU
		{456BE35D-DFDE-4633-90B1-691A78ADF912}.Ad-Hoc|iPhoneSimulator.Build.0 = Debug|Any CPU
		{456BE35D-DFDE-4633-90B1-691A78ADF912}.Ad-Hoc|x64.ActiveCfg = Debug|Any CPU
		{456BE35D-DFDE-4633-90B1-691A78ADF912}.Ad-Hoc|x64.Build.0 = Debug|Any CPU
		{456BE35D-DFDE-4633-90B1-691A78ADF912}.Ad-Hoc|x86.ActiveCfg = Debug|Any CPU
		{456BE35D-DFDE-4633-90B1-691A78ADF912}.Ad-Hoc|x86.Build.0 = Debug|Any CPU
		{456BE35D-DFDE-4633-90B1-691A78ADF912}.AppStore|Any CPU.ActiveCfg = Debug|Any CPU
		{456BE35D-DFDE-4633-90B1-691A78ADF912}.AppStore|Any CPU.Build.0 = Debug|Any CPU
		{456BE35D-DFDE-4633-90B1-691A78ADF912}.AppStore|ARM.ActiveCfg = Debug|Any CPU
		{456BE35D-DFDE-4633-90B1-691A78ADF912}.AppStore|ARM.Build.0 = Debug|Any CPU
		{456BE35D-DFDE-4633-90B1-691A78ADF912}.AppStore|ARM64.ActiveCfg = Debug|Any CPU
		{456BE35D-DFDE-4633-90B1-691A78ADF912}.AppStore|ARM64.Build.0 = Debug|Any CPU
		{456BE35D-DFDE-4633-90B1-691A78ADF912}.AppStore|iPhone.ActiveCfg = Debug|Any CPU
		{456BE35D-DFDE-4633-90B1-691A78ADF912}.AppStore|iPhone.Build.0 = Debug|Any CPU
		{456BE35D-DFDE-4633-90B1-691A78ADF912}.AppStore|iPhoneSimulator.ActiveCfg = Debug|Any CPU
		{456BE35D-DFDE-4633-90B1-691A78ADF912}.AppStore|iPhoneSimulator.Build.0 = Debug|Any CPU
		{456BE35D-DFDE-4633-90B1-691A78ADF912}.AppStore|x64.ActiveCfg = Debug|Any CPU
		{456BE35D-DFDE-4633-90B1-691A78ADF912}.AppStore|x64.Build.0 = Debug|Any CPU
		{456BE35D-DFDE-4633-90B1-691A78ADF912}.AppStore|x86.ActiveCfg = Debug|Any CPU
		{456BE35D-DFDE-4633-90B1-691A78ADF912}.AppStore|x86.Build.0 = Debug|Any CPU
		{456BE35D-DFDE-4633-90B1-691A78ADF912}.Debug|Any CPU.ActiveCfg = Debug|Any CPU
		{456BE35D-DFDE-4633-90B1-691A78ADF912}.Debug|Any CPU.Build.0 = Debug|Any CPU
		{456BE35D-DFDE-4633-90B1-691A78ADF912}.Debug|ARM.ActiveCfg = Debug|Any CPU
		{456BE35D-DFDE-4633-90B1-691A78ADF912}.Debug|ARM.Build.0 = Debug|Any CPU
		{456BE35D-DFDE-4633-90B1-691A78ADF912}.Debug|ARM64.ActiveCfg = Debug|Any CPU
		{456BE35D-DFDE-4633-90B1-691A78ADF912}.Debug|ARM64.Build.0 = Debug|Any CPU
		{456BE35D-DFDE-4633-90B1-691A78ADF912}.Debug|iPhone.ActiveCfg = Debug|Any CPU
		{456BE35D-DFDE-4633-90B1-691A78ADF912}.Debug|iPhone.Build.0 = Debug|Any CPU
		{456BE35D-DFDE-4633-90B1-691A78ADF912}.Debug|iPhoneSimulator.ActiveCfg = Debug|Any CPU
		{456BE35D-DFDE-4633-90B1-691A78ADF912}.Debug|iPhoneSimulator.Build.0 = Debug|Any CPU
		{456BE35D-DFDE-4633-90B1-691A78ADF912}.Debug|x64.ActiveCfg = Debug|Any CPU
		{456BE35D-DFDE-4633-90B1-691A78ADF912}.Debug|x64.Build.0 = Debug|Any CPU
		{456BE35D-DFDE-4633-90B1-691A78ADF912}.Debug|x86.ActiveCfg = Debug|Any CPU
		{456BE35D-DFDE-4633-90B1-691A78ADF912}.Debug|x86.Build.0 = Debug|Any CPU
		{456BE35D-DFDE-4633-90B1-691A78ADF912}.Release|Any CPU.ActiveCfg = Release|Any CPU
		{456BE35D-DFDE-4633-90B1-691A78ADF912}.Release|Any CPU.Build.0 = Release|Any CPU
		{456BE35D-DFDE-4633-90B1-691A78ADF912}.Release|ARM.ActiveCfg = Release|Any CPU
		{456BE35D-DFDE-4633-90B1-691A78ADF912}.Release|ARM.Build.0 = Release|Any CPU
		{456BE35D-DFDE-4633-90B1-691A78ADF912}.Release|ARM64.ActiveCfg = Release|Any CPU
		{456BE35D-DFDE-4633-90B1-691A78ADF912}.Release|ARM64.Build.0 = Release|Any CPU
		{456BE35D-DFDE-4633-90B1-691A78ADF912}.Release|iPhone.ActiveCfg = Release|Any CPU
		{456BE35D-DFDE-4633-90B1-691A78ADF912}.Release|iPhone.Build.0 = Release|Any CPU
		{456BE35D-DFDE-4633-90B1-691A78ADF912}.Release|iPhoneSimulator.ActiveCfg = Release|Any CPU
		{456BE35D-DFDE-4633-90B1-691A78ADF912}.Release|iPhoneSimulator.Build.0 = Release|Any CPU
		{456BE35D-DFDE-4633-90B1-691A78ADF912}.Release|x64.ActiveCfg = Release|Any CPU
		{456BE35D-DFDE-4633-90B1-691A78ADF912}.Release|x64.Build.0 = Release|Any CPU
		{456BE35D-DFDE-4633-90B1-691A78ADF912}.Release|x86.ActiveCfg = Release|Any CPU
		{456BE35D-DFDE-4633-90B1-691A78ADF912}.Release|x86.Build.0 = Release|Any CPU
	EndGlobalSection
	GlobalSection(SolutionProperties) = preSolution
		HideSolutionNode = FALSE
	EndGlobalSection
	GlobalSection(NestedProjects) = preSolution
		{6279C845-92F8-4333-AB99-3D213163593C} = {7614BBF2-CCC8-4E26-9C9D-0B604609D526}
		{1A32D83C-EAFD-4D84-BEC2-5ADD9F854B20} = {7614BBF2-CCC8-4E26-9C9D-0B604609D526}
		{CE47021E-2A45-4E8A-AF10-136586D8C5D7} = {7614BBF2-CCC8-4E26-9C9D-0B604609D526}
		{F42F2AA3-0D6D-47C9-9CC2-E5283AD016A7} = {7614BBF2-CCC8-4E26-9C9D-0B604609D526}
		{0C8AAA0E-B23A-45F3-88BD-AE2DD2F5A671} = {7614BBF2-CCC8-4E26-9C9D-0B604609D526}
		{E675B788-7F5A-4126-992A-798C9AABCA53} = {7614BBF2-CCC8-4E26-9C9D-0B604609D526}
	EndGlobalSection
	GlobalSection(ExtensibilityGlobals) = postSolution
		SolutionGuid = {0B444FE3-D282-45C9-A1CE-F813FBD2D160}
	EndGlobalSection
EndGlobal
